
Microsoft Visual Studio Solution File, Format Version 12.00
# Visual Studio Version 17
VisualStudioVersion = 17.7.34031.279
MinimumVisualStudioVersion = 10.0.40219.1
Project("{FAE04EC0-301F-11D3-BF4B-00C04F79EFBC}") = "StringMaker_Wilkerson_SolutionJcwV23", "StringMaker_Wilkerson_SolutionJcwV23\StringMaker_Wilkerson_SolutionJcwV23.csproj", "{A9F2B40E-1A1D-432C-9824-5DC3023D285C}"
EndProject
Global
	GlobalSection(SolutionConfigurationPlatforms) = preSolution
		Debug|Any CPU = Debug|Any CPU
		Release|Any CPU = Release|Any CPU
	EndGlobalSection
	GlobalSection(ProjectConfigurationPlatforms) = postSolution
		{A9F2B40E-1A1D-432C-9824-5DC3023D285C}.Debug|Any CPU.ActiveCfg = Debug|Any CPU
		{A9F2B40E-1A1D-432C-9824-5DC3023D285C}.Debug|Any CPU.Build.0 = Debug|Any CPU
		{A9F2B40E-1A1D-432C-9824-5DC3023D285C}.Release|Any CPU.ActiveCfg = Release|Any CPU
		{A9F2B40E-1A1D-432C-9824-5DC3023D285C}.Release|Any CPU.Build.0 = Release|Any CPU
	EndGlobalSection
	GlobalSection(SolutionProperties) = preSolution
		HideSolutionNode = FALSE
	EndGlobalSection
	GlobalSection(ExtensibilityGlobals) = postSolution
		SolutionGuid = {05AC8A9D-F9EC-4710-9AB4-A10B017864C9}
	EndGlobalSection
EndGlobal
